# This file is automatically @generated by Cargo.
# It is not intended for manual editing.
version = 4

[[package]]
name = "bit32"
version = "0.0.1"
dependencies = [
 "exclusive_feature",
]

[[package]]
name = "bit64"
version = "0.0.1"
dependencies = [
 "exclusive_feature",
]

[[package]]
name = "exclusive_feature"
version = "0.0.1"
